{
  "requires": true,
  "lockfileVersion": 1,
  "dependencies": {
    "@ckeditor/ckeditor5-clipboard": {
      "version": "12.0.1",
      "resolved": "https://registry.npmjs.org/@ckeditor/ckeditor5-clipboard/-/ckeditor5-clipboard-12.0.1.tgz",
      "integrity": "sha512-Tsd1I49057FHR+3bMUUjCDU8O6461IOuPKcK/qvrbMSIzOvxPUf84KdHqQcau31YTyfEcJzfRq4OhHfK5ANuig==",
      "requires": {
        "@ckeditor/ckeditor5-core": "^12.2.1",
        "@ckeditor/ckeditor5-engine": "^13.2.1",
        "@ckeditor/ckeditor5-utils": "^13.0.1"
      }
    },
    "@ckeditor/ckeditor5-core": {
      "version": "12.2.1",
      "resolved": "https://registry.npmjs.org/@ckeditor/ckeditor5-core/-/ckeditor5-core-12.2.1.tgz",
      "integrity": "sha512-1z6t56Evo3u/c11t4xSvxGdN/UB+UJ2PxzbiDf7ul0zBo/CE3Q3dYFjVRSKLKePhQOI1wti4sXCeLQaflh76VQ==",
      "requires": {
        "@ckeditor/ckeditor5-engine": "^13.2.1",
        "@ckeditor/ckeditor5-utils": "^13.0.1",
        "lodash-es": "^4.17.10"
      }
    },
    "@ckeditor/ckeditor5-engine": {
      "version": "13.2.1",
      "resolved": "https://registry.npmjs.org/@ckeditor/ckeditor5-engine/-/ckeditor5-engine-13.2.1.tgz",
      "integrity": "sha512-yGERQGIYZwJtShi+CYuAWV5P1bvLDlMTMjHf+qPKCwXAw9RiWmjuS5MVpeaZRtmAMEGXyol+mf8IvYvXczfo8A==",
      "requires": {
        "@ckeditor/ckeditor5-utils": "^13.0.1",
        "lodash-es": "^4.17.10"
      }
    },
    "@ckeditor/ckeditor5-image": {
      "version": "13.1.2",
      "resolved": "https://registry.npmjs.org/@ckeditor/ckeditor5-image/-/ckeditor5-image-13.1.2.tgz",
      "integrity": "sha512-A0+UnXLPxJdpd02+vzNfyZc12hijf27hpdksHKE0QN9qGBN1xZOe4tebHe6FXX879Ibp2djD4sngon/dOG4IsA==",
      "requires": {
        "@ckeditor/ckeditor5-core": "^12.2.1",
        "@ckeditor/ckeditor5-engine": "^13.2.1",
        "@ckeditor/ckeditor5-ui": "^13.0.2",
        "@ckeditor/ckeditor5-upload": "^11.1.1",
        "@ckeditor/ckeditor5-utils": "^13.0.1",
        "@ckeditor/ckeditor5-widget": "^11.0.4"
      }
    },
    "@ckeditor/ckeditor5-media-embed": {
      "version": "11.1.3",
      "resolved": "https://registry.npmjs.org/@ckeditor/ckeditor5-media-embed/-/ckeditor5-media-embed-11.1.3.tgz",
      "integrity": "sha512-4iy2NYkO2WsM60sXACl9XjclF7p241vdNhQ1PzcMEAqy744UfEquJI3kh/ecnvEf/JXYU56UhCdw+J3EhY1tFg==",
      "requires": {
        "@ckeditor/ckeditor5-clipboard": "^12.0.1",
        "@ckeditor/ckeditor5-core": "^12.2.1",
        "@ckeditor/ckeditor5-engine": "^13.2.1",
        "@ckeditor/ckeditor5-image": "^13.1.2",
        "@ckeditor/ckeditor5-ui": "^13.0.2",
        "@ckeditor/ckeditor5-undo": "^11.0.4",
        "@ckeditor/ckeditor5-utils": "^13.0.1",
        "@ckeditor/ckeditor5-widget": "^11.0.4"
      }
    },
    "@ckeditor/ckeditor5-ui": {
      "version": "13.0.2",
      "resolved": "https://registry.npmjs.org/@ckeditor/ckeditor5-ui/-/ckeditor5-ui-13.0.2.tgz",
      "integrity": "sha512-A2Ut+W3rHWNUNR1TwjdBQShl7v270hRlcz3Z77ka/0xlhkQ7TIAVlVHu8q89170fFE4Po8cSqGDZVO9YT3W75A==",
      "requires": {
        "@ckeditor/ckeditor5-core": "^12.2.1",
        "@ckeditor/ckeditor5-utils": "^13.0.1",
        "lodash-es": "^4.17.10"
      }
    },
    "@ckeditor/ckeditor5-undo": {
      "version": "11.0.4",
      "resolved": "https://registry.npmjs.org/@ckeditor/ckeditor5-undo/-/ckeditor5-undo-11.0.4.tgz",
      "integrity": "sha512-+cP60wnT1x1UxIqjddUfK6DfBC611osbzvJmuxaSuR2chwsDgwWcxtNJyb0vz/JFMsC8x4I6N7q4gvW0VHh9uQ==",
      "requires": {
        "@ckeditor/ckeditor5-core": "^12.2.1",
        "@ckeditor/ckeditor5-engine": "^13.2.1",
        "@ckeditor/ckeditor5-ui": "^13.0.2"
      }
    },
    "@ckeditor/ckeditor5-upload": {
      "version": "11.1.1",
      "resolved": "https://registry.npmjs.org/@ckeditor/ckeditor5-upload/-/ckeditor5-upload-11.1.1.tgz",
      "integrity": "sha512-uB8DYTw2BJrNPjSWh6u6udlprVeN2BeQbbZiSiIstJSS3q4vr90FPnhZ5lvtwxvo9lMXLMgGZUwz1Nkulj5oSg==",
      "requires": {
        "@ckeditor/ckeditor5-core": "^12.2.1",
        "@ckeditor/ckeditor5-ui": "^13.0.2",
        "@ckeditor/ckeditor5-utils": "^13.0.1"
      }
    },
    "@ckeditor/ckeditor5-utils": {
      "version": "13.0.1",
      "resolved": "https://registry.npmjs.org/@ckeditor/ckeditor5-utils/-/ckeditor5-utils-13.0.1.tgz",
      "integrity": "sha512-u/18fD/lPeoir3R6+chBlm2ZCdvbqXqbx4yelOc4J+wzQUj53n0ZuADZrxXH0lXY/jsU5Lat0wisgmjwOkmGBw==",
      "requires": {
        "ckeditor5": "^12.3.1",
        "lodash-es": "^4.17.10"
      }
    },
    "@ckeditor/ckeditor5-widget": {
      "version": "11.0.4",
      "resolved": "https://registry.npmjs.org/@ckeditor/ckeditor5-widget/-/ckeditor5-widget-11.0.4.tgz",
      "integrity": "sha512-mCT+a/X6SMyz9ZTBpSef8+8A9guP/gvsdGQlgJ5e9i1D5lv2ZnLPu4GfVVEyNbtIIXOkdheNMICQhWI3splz4Q==",
      "requires": {
        "@ckeditor/ckeditor5-core": "^12.2.1",
        "@ckeditor/ckeditor5-engine": "^13.2.1",
        "@ckeditor/ckeditor5-ui": "^13.0.2",
        "@ckeditor/ckeditor5-utils": "^13.0.1"
      }
    },
    "ckeditor5": {
      "version": "12.3.1",
      "resolved": "https://registry.npmjs.org/ckeditor5/-/ckeditor5-12.3.1.tgz",
      "integrity": "sha512-hXXAMvV8zdRIMsa66rUKlU50+/IC7obQxg/myBe8kkYrnrfthGwWFd3j6qHzlEb48B9g1noZX8oqBF9E6D+N2Q=="
    },
    "lodash-es": {
      "version": "4.17.15",
      "resolved": "https://registry.npmjs.org/lodash-es/-/lodash-es-4.17.15.tgz",
      "integrity": "sha512-rlrc3yU3+JNOpZ9zj5pQtxnx2THmvRykwL4Xlxoa8I9lHBlVbbyPhgyPMioxVZ4NqyxaVVtaJnzsyOidQIhyyQ=="
    }
  }
}
